
Microsoft Visual Studio Solution File, Format Version 12.00
# Visual Studio 15
VisualStudioVersion = 15.0.26730.12
MinimumVisualStudioVersion = 10.0.40219.1
Project("{9A19103F-16F7-4668-BE54-9A1E7A4F7556}") = "Brewery.Application", "src\Brewery.Application\Brewery.Application.csproj", "{B28AF510-272F-4DBC-926B-E1289B8F05A9}"
EndProject
Project("{9A19103F-16F7-4668-BE54-9A1E7A4F7556}") = "Brewery.Domain", "src\Brewery.Domain\Brewery.Domain.csproj", "{75F46A85-206D-4672-A6EB-139FE9E3B033}"
EndProject
Project("{9A19103F-16F7-4668-BE54-9A1E7A4F7556}") = "Brewery.Spec", "src\Brewery.Spec\Brewery.Spec.csproj", "{4801E1A3-75FA-49BD-BB02-46DF0621B364}"
EndProject
Project("{9A19103F-16F7-4668-BE54-9A1E7A4F7556}") = "Brewery.CrossEdge", "src\Brewery.CrossEdge\Brewery.CrossEdge.csproj", "{7F344562-2535-4328-B25E-64643A4D683A}"
EndProject
Project("{9A19103F-16F7-4668-BE54-9A1E7A4F7556}") = "Brewery.Web", "src\Brewery.Web\Brewery.Web.csproj", "{178FD0B4-5221-4F99-B54F-D1B66C3A48CD}"
EndProject
Global
	GlobalSection(SolutionConfigurationPlatforms) = preSolution
		Debug|Any CPU = Debug|Any CPU
		Release|Any CPU = Release|Any CPU
		Staging|Any CPU = Staging|Any CPU
	EndGlobalSection
	GlobalSection(ProjectConfigurationPlatforms) = postSolution
		{B28AF510-272F-4DBC-926B-E1289B8F05A9}.Debug|Any CPU.ActiveCfg = Debug|Any CPU
		{B28AF510-272F-4DBC-926B-E1289B8F05A9}.Debug|Any CPU.Build.0 = Debug|Any CPU
		{B28AF510-272F-4DBC-926B-E1289B8F05A9}.Release|Any CPU.ActiveCfg = Release|Any CPU
		{B28AF510-272F-4DBC-926B-E1289B8F05A9}.Release|Any CPU.Build.0 = Release|Any CPU
		{B28AF510-272F-4DBC-926B-E1289B8F05A9}.Staging|Any CPU.ActiveCfg = Staging|Any CPU
		{B28AF510-272F-4DBC-926B-E1289B8F05A9}.Staging|Any CPU.Build.0 = Staging|Any CPU
		{75F46A85-206D-4672-A6EB-139FE9E3B033}.Debug|Any CPU.ActiveCfg = Debug|Any CPU
		{75F46A85-206D-4672-A6EB-139FE9E3B033}.Debug|Any CPU.Build.0 = Debug|Any CPU
		{75F46A85-206D-4672-A6EB-139FE9E3B033}.Release|Any CPU.ActiveCfg = Release|Any CPU
		{75F46A85-206D-4672-A6EB-139FE9E3B033}.Release|Any CPU.Build.0 = Release|Any CPU
		{75F46A85-206D-4672-A6EB-139FE9E3B033}.Staging|Any CPU.ActiveCfg = Staging|Any CPU
		{75F46A85-206D-4672-A6EB-139FE9E3B033}.Staging|Any CPU.Build.0 = Staging|Any CPU
		{4801E1A3-75FA-49BD-BB02-46DF0621B364}.Debug|Any CPU.ActiveCfg = Debug|Any CPU
		{4801E1A3-75FA-49BD-BB02-46DF0621B364}.Debug|Any CPU.Build.0 = Debug|Any CPU
		{4801E1A3-75FA-49BD-BB02-46DF0621B364}.Release|Any CPU.ActiveCfg = Release|Any CPU
		{4801E1A3-75FA-49BD-BB02-46DF0621B364}.Release|Any CPU.Build.0 = Release|Any CPU
		{4801E1A3-75FA-49BD-BB02-46DF0621B364}.Staging|Any CPU.ActiveCfg = Staging|Any CPU
		{4801E1A3-75FA-49BD-BB02-46DF0621B364}.Staging|Any CPU.Build.0 = Staging|Any CPU
		{7F344562-2535-4328-B25E-64643A4D683A}.Debug|Any CPU.ActiveCfg = Debug|Any CPU
		{7F344562-2535-4328-B25E-64643A4D683A}.Debug|Any CPU.Build.0 = Debug|Any CPU
		{7F344562-2535-4328-B25E-64643A4D683A}.Release|Any CPU.ActiveCfg = Release|Any CPU
		{7F344562-2535-4328-B25E-64643A4D683A}.Release|Any CPU.Build.0 = Release|Any CPU
		{7F344562-2535-4328-B25E-64643A4D683A}.Staging|Any CPU.ActiveCfg = Staging|Any CPU
		{7F344562-2535-4328-B25E-64643A4D683A}.Staging|Any CPU.Build.0 = Staging|Any CPU
		{178FD0B4-5221-4F99-B54F-D1B66C3A48CD}.Debug|Any CPU.ActiveCfg = Debug|Any CPU
		{178FD0B4-5221-4F99-B54F-D1B66C3A48CD}.Debug|Any CPU.Build.0 = Debug|Any CPU
		{178FD0B4-5221-4F99-B54F-D1B66C3A48CD}.Release|Any CPU.ActiveCfg = Release|Any CPU
		{178FD0B4-5221-4F99-B54F-D1B66C3A48CD}.Release|Any CPU.Build.0 = Release|Any CPU
		{178FD0B4-5221-4F99-B54F-D1B66C3A48CD}.Staging|Any CPU.ActiveCfg = Staging|Any CPU
		{178FD0B4-5221-4F99-B54F-D1B66C3A48CD}.Staging|Any CPU.Build.0 = Staging|Any CPU
	EndGlobalSection
	GlobalSection(SolutionProperties) = preSolution
		HideSolutionNode = FALSE
	EndGlobalSection
	GlobalSection(ExtensibilityGlobals) = postSolution
		SolutionGuid = {88F9C38A-E53A-49C6-8DBC-AE9E6B3319B8}
	EndGlobalSection
EndGlobal
