
Microsoft Visual Studio Solution File, Format Version 12.00
# Visual Studio 15
VisualStudioVersion = 15.0.27004.2005
MinimumVisualStudioVersion = 10.0.40219.1
Project("{9A19103F-16F7-4668-BE54-9A1E7A4F7556}") = "Brewery.Application", "src\Brewery.Application\Brewery.Application.csproj", "{B28AF510-272F-4DBC-926B-E1289B8F05A9}"
EndProject
Project("{9A19103F-16F7-4668-BE54-9A1E7A4F7556}") = "Brewery.Domain", "src\Brewery.Domain\Brewery.Domain.csproj", "{75F46A85-206D-4672-A6EB-139FE9E3B033}"
EndProject
Project("{9A19103F-16F7-4668-BE54-9A1E7A4F7556}") = "Brewery.CrossEdge", "src\Brewery.CrossEdge\Brewery.CrossEdge.csproj", "{7F344562-2535-4328-B25E-64643A4D683A}"
EndProject
Project("{9A19103F-16F7-4668-BE54-9A1E7A4F7556}") = "Brewery.Web", "src\Brewery.Web\Brewery.Web.csproj", "{178FD0B4-5221-4F99-B54F-D1B66C3A48CD}"
EndProject
Project("{2150E333-8FDC-42A3-9474-1A3956D46DE8}") = "src", "src", "{0B12963B-19D2-4C65-9699-84DD474F153B}"
EndProject
Project("{2150E333-8FDC-42A3-9474-1A3956D46DE8}") = "test", "test", "{B2F55DD6-757F-4E96-B00E-6BEB0C17967A}"
EndProject
Project("{9A19103F-16F7-4668-BE54-9A1E7A4F7556}") = "Brewery.Spec", "test\Brewery.Spec\Brewery.Spec.csproj", "{A32DD9F3-71E7-439B-BE12-4D8C5BA06280}"
EndProject
Project("{9A19103F-16F7-4668-BE54-9A1E7A4F7556}") = "Brewery.Infrastructure", "src\Brewery.Infrastructure\Brewery.Infrastructure.csproj", "{9B1BBC8F-A3D9-4EB8-BC58-8163F228E07C}"
EndProject
Global
	GlobalSection(SolutionConfigurationPlatforms) = preSolution
		Debug|Any CPU = Debug|Any CPU
		Release|Any CPU = Release|Any CPU
		Staging|Any CPU = Staging|Any CPU
	EndGlobalSection
	GlobalSection(ProjectConfigurationPlatforms) = postSolution
		{B28AF510-272F-4DBC-926B-E1289B8F05A9}.Debug|Any CPU.ActiveCfg = Debug|Any CPU
		{B28AF510-272F-4DBC-926B-E1289B8F05A9}.Debug|Any CPU.Build.0 = Debug|Any CPU
		{B28AF510-272F-4DBC-926B-E1289B8F05A9}.Release|Any CPU.ActiveCfg = Release|Any CPU
		{B28AF510-272F-4DBC-926B-E1289B8F05A9}.Release|Any CPU.Build.0 = Release|Any CPU
		{B28AF510-272F-4DBC-926B-E1289B8F05A9}.Staging|Any CPU.ActiveCfg = Staging|Any CPU
		{B28AF510-272F-4DBC-926B-E1289B8F05A9}.Staging|Any CPU.Build.0 = Staging|Any CPU
		{75F46A85-206D-4672-A6EB-139FE9E3B033}.Debug|Any CPU.ActiveCfg = Debug|Any CPU
		{75F46A85-206D-4672-A6EB-139FE9E3B033}.Debug|Any CPU.Build.0 = Debug|Any CPU
		{75F46A85-206D-4672-A6EB-139FE9E3B033}.Release|Any CPU.ActiveCfg = Release|Any CPU
		{75F46A85-206D-4672-A6EB-139FE9E3B033}.Release|Any CPU.Build.0 = Release|Any CPU
		{75F46A85-206D-4672-A6EB-139FE9E3B033}.Staging|Any CPU.ActiveCfg = Staging|Any CPU
		{75F46A85-206D-4672-A6EB-139FE9E3B033}.Staging|Any CPU.Build.0 = Staging|Any CPU
		{7F344562-2535-4328-B25E-64643A4D683A}.Debug|Any CPU.ActiveCfg = Debug|Any CPU
		{7F344562-2535-4328-B25E-64643A4D683A}.Debug|Any CPU.Build.0 = Debug|Any CPU
		{7F344562-2535-4328-B25E-64643A4D683A}.Release|Any CPU.ActiveCfg = Release|Any CPU
		{7F344562-2535-4328-B25E-64643A4D683A}.Release|Any CPU.Build.0 = Release|Any CPU
		{7F344562-2535-4328-B25E-64643A4D683A}.Staging|Any CPU.ActiveCfg = Staging|Any CPU
		{7F344562-2535-4328-B25E-64643A4D683A}.Staging|Any CPU.Build.0 = Staging|Any CPU
		{178FD0B4-5221-4F99-B54F-D1B66C3A48CD}.Debug|Any CPU.ActiveCfg = Debug|Any CPU
		{178FD0B4-5221-4F99-B54F-D1B66C3A48CD}.Debug|Any CPU.Build.0 = Debug|Any CPU
		{178FD0B4-5221-4F99-B54F-D1B66C3A48CD}.Release|Any CPU.ActiveCfg = Release|Any CPU
		{178FD0B4-5221-4F99-B54F-D1B66C3A48CD}.Release|Any CPU.Build.0 = Release|Any CPU
		{178FD0B4-5221-4F99-B54F-D1B66C3A48CD}.Staging|Any CPU.ActiveCfg = Staging|Any CPU
		{178FD0B4-5221-4F99-B54F-D1B66C3A48CD}.Staging|Any CPU.Build.0 = Staging|Any CPU
		{A32DD9F3-71E7-439B-BE12-4D8C5BA06280}.Debug|Any CPU.ActiveCfg = Debug|Any CPU
		{A32DD9F3-71E7-439B-BE12-4D8C5BA06280}.Debug|Any CPU.Build.0 = Debug|Any CPU
		{A32DD9F3-71E7-439B-BE12-4D8C5BA06280}.Release|Any CPU.ActiveCfg = Release|Any CPU
		{A32DD9F3-71E7-439B-BE12-4D8C5BA06280}.Release|Any CPU.Build.0 = Release|Any CPU
		{A32DD9F3-71E7-439B-BE12-4D8C5BA06280}.Staging|Any CPU.ActiveCfg = Staging|Any CPU
		{A32DD9F3-71E7-439B-BE12-4D8C5BA06280}.Staging|Any CPU.Build.0 = Staging|Any CPU
		{9B1BBC8F-A3D9-4EB8-BC58-8163F228E07C}.Debug|Any CPU.ActiveCfg = Debug|Any CPU
		{9B1BBC8F-A3D9-4EB8-BC58-8163F228E07C}.Debug|Any CPU.Build.0 = Debug|Any CPU
		{9B1BBC8F-A3D9-4EB8-BC58-8163F228E07C}.Release|Any CPU.ActiveCfg = Release|Any CPU
		{9B1BBC8F-A3D9-4EB8-BC58-8163F228E07C}.Release|Any CPU.Build.0 = Release|Any CPU
		{9B1BBC8F-A3D9-4EB8-BC58-8163F228E07C}.Staging|Any CPU.ActiveCfg = Staging|Any CPU
		{9B1BBC8F-A3D9-4EB8-BC58-8163F228E07C}.Staging|Any CPU.Build.0 = Staging|Any CPU
	EndGlobalSection
	GlobalSection(SolutionProperties) = preSolution
		HideSolutionNode = FALSE
	EndGlobalSection
	GlobalSection(NestedProjects) = preSolution
		{B28AF510-272F-4DBC-926B-E1289B8F05A9} = {0B12963B-19D2-4C65-9699-84DD474F153B}
		{75F46A85-206D-4672-A6EB-139FE9E3B033} = {0B12963B-19D2-4C65-9699-84DD474F153B}
		{7F344562-2535-4328-B25E-64643A4D683A} = {0B12963B-19D2-4C65-9699-84DD474F153B}
		{178FD0B4-5221-4F99-B54F-D1B66C3A48CD} = {0B12963B-19D2-4C65-9699-84DD474F153B}
		{A32DD9F3-71E7-439B-BE12-4D8C5BA06280} = {B2F55DD6-757F-4E96-B00E-6BEB0C17967A}
		{9B1BBC8F-A3D9-4EB8-BC58-8163F228E07C} = {0B12963B-19D2-4C65-9699-84DD474F153B}
	EndGlobalSection
	GlobalSection(ExtensibilityGlobals) = postSolution
		SolutionGuid = {88F9C38A-E53A-49C6-8DBC-AE9E6B3319B8}
	EndGlobalSection
EndGlobal
